{
  "version": 4,
  "terraform_version": "1.8.4",
  "serial": 48,
  "lineage": "ce846970-db1d-8e7e-0ec7-b681e9e262da",
  "outputs": {},
  "resources": [
    {
      "mode": "data",
      "type": "yandex_compute_image",
      "name": "ubuntu",
      "provider": "provider[\"registry.terraform.io/yandex-cloud/yandex\"]",
      "instances": [
        {
          "schema_version": 0,
          "attributes": {
            "created_at": "2025-04-14T11:05:36Z",
            "description": "Ubuntu 22.04 lts v20250404030346",
            "family": "ubuntu-2204-lts",
            "folder_id": "standard-images",
            "hardware_generation": [
              {
                "generation2_features": [],
                "legacy_features": [
                  {
                    "pci_topology": "PCI_TOPOLOGY_V1"
                  }
                ]
              }
            ],
            "id": "fd8smepb6mdk5nk8khe3",
            "image_id": "fd8smepb6mdk5nk8khe3",
            "kms_key_id": null,
            "labels": {
              "version": "20250404030346",
              "x-hopper-operation-id": "d9pcgg1f1ie9cuubaadl",
              "x-hopper-source-image-id": "fd8ub61ukiu5g281g0jp"
            },
            "min_disk_size": 8,
            "name": "ubuntu-22-04-lts-v20250414",
            "os_type": "linux",
            "pooled": true,
            "product_ids": [
              "f2englsgq8prrurohu5m"
            ],
            "size": 2,
            "status": "ready"
          },
          "sensitive_attributes": []
        }
      ]
    },
    {
      "mode": "managed",
      "type": "yandex_compute_instance",
      "name": "db",
      "provider": "provider[\"registry.terraform.io/yandex-cloud/yandex\"]",
      "instances": [
        {
          "index_key": "main",
          "schema_version": 1,
          "attributes": {
            "allow_recreate": null,
            "allow_stopping_for_update": null,
            "boot_disk": [
              {
                "auto_delete": true,
                "device_name": "epdi81l1agk4kg6pvm1e",
                "disk_id": "epdi81l1agk4kg6pvm1e",
                "initialize_params": [
                  {
                    "block_size": 4096,
                    "description": "",
                    "image_id": "fd8smepb6mdk5nk8khe3",
                    "kms_key_id": "",
                    "name": "",
                    "size": 10,
                    "snapshot_id": "",
                    "type": "network-hdd"
                  }
                ],
                "mode": "READ_WRITE"
              }
            ],
            "created_at": "2025-04-20T04:48:32Z",
            "description": "",
            "filesystem": [],
            "folder_id": "b1grekf05a830gqkk35s",
            "fqdn": "epdmjn9omnnjtnkbqb5t.auto.internal",
            "gpu_cluster_id": "",
            "hardware_generation": [
              {
                "generation2_features": [],
                "legacy_features": [
                  {
                    "pci_topology": "PCI_TOPOLOGY_V1"
                  }
                ]
              }
            ],
            "hostname": "",
            "id": "epdmjn9omnnjtnkbqb5t",
            "labels": null,
            "local_disk": [],
            "maintenance_grace_period": "",
            "maintenance_policy": null,
            "metadata": {
              "serial-port-enable": "1",
              "ssh-keys": "ubuntu:ssh-rsa AAAAB3NzaC1yc2EAAAADAQABAAABgQDgn6vGmPneXG5QJ7xIA6Yy2v/XDmsVVdvJfh5V6dInP99ELtNUvrW4v3uia9iCl9d6GRlbfHxUGDfU9Q2ysYmfr0Wc0ircQNr1UeDtxz17ve/dPbmDSRr7YZfx65yoEwMWnq3NYAuM/hu0qrh/Yob8MjG35KGkrxUoKnmi0ECj7s4nqgl2P9QBIJAt6/NZHyJ/FHYaflKj48flwPVBYb2SNlS9j6IwiUIzpPY1YaURrEo/rXdyiIngjLdpdtA4Vis9MR813Xo/Wbg05oMghx9Dmbu6dlEdCIgcwFtPQCGR8cQZeeYKFq52T16Tes48bOsbockQxc8O/Nu8nW34kbKMRlhMqMBz4xZG9ZtPu704ayA+xxumnLZkbNZ6ILAoG79Si/62X+PaUgpty3Qr9OTE0r6LDL1xsB4OH3T3Ekl2ihSLmdxgd70koCUrueyReh+K2AEQ1C7EWaplmk3Gums0tDDLqOnxSr+M6UOIbs4iwTrlStwmFKZz003ebSm3xnc= root@vm1\n"
            },
            "metadata_options": [
              {
                "aws_v1_http_endpoint": 1,
                "aws_v1_http_token": 2,
                "gce_http_endpoint": 1,
                "gce_http_token": 1
              }
            ],
            "name": "main",
            "network_acceleration_type": "standard",
            "network_interface": [
              {
                "dns_record": [],
                "index": 0,
                "ip_address": "10.0.2.29",
                "ipv4": true,
                "ipv6": false,
                "ipv6_address": "",
                "ipv6_dns_record": [],
                "mac_address": "d0:0d:16:9d:d3:8b",
                "nat": true,
                "nat_dns_record": [],
                "nat_ip_address": "89.169.172.112",
                "nat_ip_version": "IPV4",
                "security_group_ids": [
                  "enprnll0l08vgdj2h6ik"
                ],
                "subnet_id": "e2l0g166kh9c1iqgtlpm"
              }
            ],
            "placement_policy": [
              {
                "host_affinity_rules": [],
                "placement_group_id": "",
                "placement_group_partition": 0
              }
            ],
            "platform_id": "standard-v1",
            "resources": [
              {
                "core_fraction": 20,
                "cores": 2,
                "gpus": 0,
                "memory": 2
              }
            ],
            "scheduling_policy": [
              {
                "preemptible": true
              }
            ],
            "secondary_disk": [],
            "service_account_id": "",
            "status": "running",
            "timeouts": null,
            "zone": "ru-central1-b"
          },
          "sensitive_attributes": [],
          "private": "eyJlMmJmYjczMC1lY2FhLTExZTYtOGY4OC0zNDM2M2JjN2M0YzAiOnsiY3JlYXRlIjozMDAwMDAwMDAwMDAsImRlbGV0ZSI6MzAwMDAwMDAwMDAwLCJ1cGRhdGUiOjMwMDAwMDAwMDAwMH0sInNjaGVtYV92ZXJzaW9uIjoiMSJ9",
          "dependencies": [
            "data.yandex_compute_image.ubuntu",
            "yandex_vpc_network.develop",
            "yandex_vpc_security_group.example",
            "yandex_vpc_subnet.develop_db"
          ]
        },
        {
          "index_key": "replica",
          "schema_version": 1,
          "attributes": {
            "allow_recreate": null,
            "allow_stopping_for_update": null,
            "boot_disk": [
              {
                "auto_delete": true,
                "device_name": "epd8c5autcttmo90ubom",
                "disk_id": "epd8c5autcttmo90ubom",
                "initialize_params": [
                  {
                    "block_size": 4096,
                    "description": "",
                    "image_id": "fd8smepb6mdk5nk8khe3",
                    "kms_key_id": "",
                    "name": "",
                    "size": 10,
                    "snapshot_id": "",
                    "type": "network-hdd"
                  }
                ],
                "mode": "READ_WRITE"
              }
            ],
            "created_at": "2025-04-20T04:48:32Z",
            "description": "",
            "filesystem": [],
            "folder_id": "b1grekf05a830gqkk35s",
            "fqdn": "epds6b62qtefu01cfph0.auto.internal",
            "gpu_cluster_id": "",
            "hardware_generation": [
              {
                "generation2_features": [],
                "legacy_features": [
                  {
                    "pci_topology": "PCI_TOPOLOGY_V1"
                  }
                ]
              }
            ],
            "hostname": "",
            "id": "epds6b62qtefu01cfph0",
            "labels": null,
            "local_disk": [],
            "maintenance_grace_period": "",
            "maintenance_policy": null,
            "metadata": {
              "serial-port-enable": "1",
              "ssh-keys": "ubuntu:ssh-rsa AAAAB3NzaC1yc2EAAAADAQABAAABgQDgn6vGmPneXG5QJ7xIA6Yy2v/XDmsVVdvJfh5V6dInP99ELtNUvrW4v3uia9iCl9d6GRlbfHxUGDfU9Q2ysYmfr0Wc0ircQNr1UeDtxz17ve/dPbmDSRr7YZfx65yoEwMWnq3NYAuM/hu0qrh/Yob8MjG35KGkrxUoKnmi0ECj7s4nqgl2P9QBIJAt6/NZHyJ/FHYaflKj48flwPVBYb2SNlS9j6IwiUIzpPY1YaURrEo/rXdyiIngjLdpdtA4Vis9MR813Xo/Wbg05oMghx9Dmbu6dlEdCIgcwFtPQCGR8cQZeeYKFq52T16Tes48bOsbockQxc8O/Nu8nW34kbKMRlhMqMBz4xZG9ZtPu704ayA+xxumnLZkbNZ6ILAoG79Si/62X+PaUgpty3Qr9OTE0r6LDL1xsB4OH3T3Ekl2ihSLmdxgd70koCUrueyReh+K2AEQ1C7EWaplmk3Gums0tDDLqOnxSr+M6UOIbs4iwTrlStwmFKZz003ebSm3xnc= root@vm1\n"
            },
            "metadata_options": [
              {
                "aws_v1_http_endpoint": 1,
                "aws_v1_http_token": 2,
                "gce_http_endpoint": 1,
                "gce_http_token": 1
              }
            ],
            "name": "replica",
            "network_acceleration_type": "standard",
            "network_interface": [
              {
                "dns_record": [],
                "index": 0,
                "ip_address": "10.0.2.33",
                "ipv4": true,
                "ipv6": false,
                "ipv6_address": "",
                "ipv6_dns_record": [],
                "mac_address": "d0:0d:1c:32:cc:2d",
                "nat": true,
                "nat_dns_record": [],
                "nat_ip_address": "89.169.160.241",
                "nat_ip_version": "IPV4",
                "security_group_ids": [
                  "enprnll0l08vgdj2h6ik"
                ],
                "subnet_id": "e2l0g166kh9c1iqgtlpm"
              }
            ],
            "placement_policy": [
              {
                "host_affinity_rules": [],
                "placement_group_id": "",
                "placement_group_partition": 0
              }
            ],
            "platform_id": "standard-v1",
            "resources": [
              {
                "core_fraction": 20,
                "cores": 4,
                "gpus": 0,
                "memory": 4
              }
            ],
            "scheduling_policy": [
              {
                "preemptible": true
              }
            ],
            "secondary_disk": [],
            "service_account_id": "",
            "status": "running",
            "timeouts": null,
            "zone": "ru-central1-b"
          },
          "sensitive_attributes": [],
          "private": "eyJlMmJmYjczMC1lY2FhLTExZTYtOGY4OC0zNDM2M2JjN2M0YzAiOnsiY3JlYXRlIjozMDAwMDAwMDAwMDAsImRlbGV0ZSI6MzAwMDAwMDAwMDAwLCJ1cGRhdGUiOjMwMDAwMDAwMDAwMH0sInNjaGVtYV92ZXJzaW9uIjoiMSJ9",
          "dependencies": [
            "data.yandex_compute_image.ubuntu",
            "yandex_vpc_network.develop",
            "yandex_vpc_security_group.example",
            "yandex_vpc_subnet.develop_db"
          ]
        }
      ]
    },
    {
      "mode": "managed",
      "type": "yandex_compute_instance",
      "name": "web",
      "provider": "provider[\"registry.terraform.io/yandex-cloud/yandex\"]",
      "instances": [
        {
          "index_key": 0,
          "schema_version": 1,
          "attributes": {
            "allow_recreate": null,
            "allow_stopping_for_update": null,
            "boot_disk": [
              {
                "auto_delete": true,
                "device_name": "fhme5u5sii53vpgta1vl",
                "disk_id": "fhme5u5sii53vpgta1vl",
                "initialize_params": [
                  {
                    "block_size": 4096,
                    "description": "",
                    "image_id": "fd8smepb6mdk5nk8khe3",
                    "kms_key_id": "",
                    "name": "",
                    "size": 10,
                    "snapshot_id": "",
                    "type": "network-hdd"
                  }
                ],
                "mode": "READ_WRITE"
              }
            ],
            "created_at": "2025-04-20T04:49:19Z",
            "description": "",
            "filesystem": [],
            "folder_id": "b1grekf05a830gqkk35s",
            "fqdn": "fhmnc5fu4vkvqp6fu6v9.auto.internal",
            "gpu_cluster_id": "",
            "hardware_generation": [
              {
                "generation2_features": [],
                "legacy_features": [
                  {
                    "pci_topology": "PCI_TOPOLOGY_V1"
                  }
                ]
              }
            ],
            "hostname": "",
            "id": "fhmnc5fu4vkvqp6fu6v9",
            "labels": null,
            "local_disk": [],
            "maintenance_grace_period": "",
            "maintenance_policy": null,
            "metadata": {
              "serial-port-enable": "1",
              "ssh-keys": "ubuntu:ssh-rsa AAAAB3NzaC1yc2EAAAADAQABAAABgQDgn6vGmPneXG5QJ7xIA6Yy2v/XDmsVVdvJfh5V6dInP99ELtNUvrW4v3uia9iCl9d6GRlbfHxUGDfU9Q2ysYmfr0Wc0ircQNr1UeDtxz17ve/dPbmDSRr7YZfx65yoEwMWnq3NYAuM/hu0qrh/Yob8MjG35KGkrxUoKnmi0ECj7s4nqgl2P9QBIJAt6/NZHyJ/FHYaflKj48flwPVBYb2SNlS9j6IwiUIzpPY1YaURrEo/rXdyiIngjLdpdtA4Vis9MR813Xo/Wbg05oMghx9Dmbu6dlEdCIgcwFtPQCGR8cQZeeYKFq52T16Tes48bOsbockQxc8O/Nu8nW34kbKMRlhMqMBz4xZG9ZtPu704ayA+xxumnLZkbNZ6ILAoG79Si/62X+PaUgpty3Qr9OTE0r6LDL1xsB4OH3T3Ekl2ihSLmdxgd70koCUrueyReh+K2AEQ1C7EWaplmk3Gums0tDDLqOnxSr+M6UOIbs4iwTrlStwmFKZz003ebSm3xnc= root@vm1\n"
            },
            "metadata_options": [
              {
                "aws_v1_http_endpoint": 1,
                "aws_v1_http_token": 2,
                "gce_http_endpoint": 1,
                "gce_http_token": 1
              }
            ],
            "name": "web-1",
            "network_acceleration_type": "standard",
            "network_interface": [
              {
                "dns_record": [],
                "index": 0,
                "ip_address": "10.0.1.4",
                "ipv4": true,
                "ipv6": false,
                "ipv6_address": "",
                "ipv6_dns_record": [],
                "mac_address": "d0:0d:17:61:5f:e2",
                "nat": true,
                "nat_dns_record": [],
                "nat_ip_address": "89.169.133.123",
                "nat_ip_version": "IPV4",
                "security_group_ids": [
                  "enprnll0l08vgdj2h6ik"
                ],
                "subnet_id": "e9bjr4ipt4dvtnq0c1ts"
              }
            ],
            "placement_policy": [
              {
                "host_affinity_rules": [],
                "placement_group_id": "",
                "placement_group_partition": 0
              }
            ],
            "platform_id": "standard-v1",
            "resources": [
              {
                "core_fraction": 5,
                "cores": 2,
                "gpus": 0,
                "memory": 1
              }
            ],
            "scheduling_policy": [
              {
                "preemptible": true
              }
            ],
            "secondary_disk": [],
            "service_account_id": "",
            "status": "running",
            "timeouts": null,
            "zone": "ru-central1-a"
          },
          "sensitive_attributes": [],
          "private": "eyJlMmJmYjczMC1lY2FhLTExZTYtOGY4OC0zNDM2M2JjN2M0YzAiOnsiY3JlYXRlIjozMDAwMDAwMDAwMDAsImRlbGV0ZSI6MzAwMDAwMDAwMDAwLCJ1cGRhdGUiOjMwMDAwMDAwMDAwMH0sInNjaGVtYV92ZXJzaW9uIjoiMSJ9",
          "dependencies": [
            "data.yandex_compute_image.ubuntu",
            "yandex_compute_instance.db",
            "yandex_vpc_network.develop",
            "yandex_vpc_security_group.example",
            "yandex_vpc_subnet.develop",
            "yandex_vpc_subnet.develop_db"
          ]
        },
        {
          "index_key": 1,
          "schema_version": 1,
          "attributes": {
            "allow_recreate": null,
            "allow_stopping_for_update": null,
            "boot_disk": [
              {
                "auto_delete": true,
                "device_name": "fhml9fkagttq90elic9s",
                "disk_id": "fhml9fkagttq90elic9s",
                "initialize_params": [
                  {
                    "block_size": 4096,
                    "description": "",
                    "image_id": "fd8smepb6mdk5nk8khe3",
                    "kms_key_id": "",
                    "name": "",
                    "size": 10,
                    "snapshot_id": "",
                    "type": "network-hdd"
                  }
                ],
                "mode": "READ_WRITE"
              }
            ],
            "created_at": "2025-04-20T04:49:19Z",
            "description": "",
            "filesystem": [],
            "folder_id": "b1grekf05a830gqkk35s",
            "fqdn": "fhmto4vrbmlfuuhae3il.auto.internal",
            "gpu_cluster_id": "",
            "hardware_generation": [
              {
                "generation2_features": [],
                "legacy_features": [
                  {
                    "pci_topology": "PCI_TOPOLOGY_V1"
                  }
                ]
              }
            ],
            "hostname": "",
            "id": "fhmto4vrbmlfuuhae3il",
            "labels": null,
            "local_disk": [],
            "maintenance_grace_period": "",
            "maintenance_policy": null,
            "metadata": {
              "serial-port-enable": "1",
              "ssh-keys": "ubuntu:ssh-rsa AAAAB3NzaC1yc2EAAAADAQABAAABgQDgn6vGmPneXG5QJ7xIA6Yy2v/XDmsVVdvJfh5V6dInP99ELtNUvrW4v3uia9iCl9d6GRlbfHxUGDfU9Q2ysYmfr0Wc0ircQNr1UeDtxz17ve/dPbmDSRr7YZfx65yoEwMWnq3NYAuM/hu0qrh/Yob8MjG35KGkrxUoKnmi0ECj7s4nqgl2P9QBIJAt6/NZHyJ/FHYaflKj48flwPVBYb2SNlS9j6IwiUIzpPY1YaURrEo/rXdyiIngjLdpdtA4Vis9MR813Xo/Wbg05oMghx9Dmbu6dlEdCIgcwFtPQCGR8cQZeeYKFq52T16Tes48bOsbockQxc8O/Nu8nW34kbKMRlhMqMBz4xZG9ZtPu704ayA+xxumnLZkbNZ6ILAoG79Si/62X+PaUgpty3Qr9OTE0r6LDL1xsB4OH3T3Ekl2ihSLmdxgd70koCUrueyReh+K2AEQ1C7EWaplmk3Gums0tDDLqOnxSr+M6UOIbs4iwTrlStwmFKZz003ebSm3xnc= root@vm1\n"
            },
            "metadata_options": [
              {
                "aws_v1_http_endpoint": 1,
                "aws_v1_http_token": 2,
                "gce_http_endpoint": 1,
                "gce_http_token": 1
              }
            ],
            "name": "web-2",
            "network_acceleration_type": "standard",
            "network_interface": [
              {
                "dns_record": [],
                "index": 0,
                "ip_address": "10.0.1.7",
                "ipv4": true,
                "ipv6": false,
                "ipv6_address": "",
                "ipv6_dns_record": [],
                "mac_address": "d0:0d:1d:c1:3f:b5",
                "nat": true,
                "nat_dns_record": [],
                "nat_ip_address": "89.169.132.110",
                "nat_ip_version": "IPV4",
                "security_group_ids": [
                  "enprnll0l08vgdj2h6ik"
                ],
                "subnet_id": "e9bjr4ipt4dvtnq0c1ts"
              }
            ],
            "placement_policy": [
              {
                "host_affinity_rules": [],
                "placement_group_id": "",
                "placement_group_partition": 0
              }
            ],
            "platform_id": "standard-v1",
            "resources": [
              {
                "core_fraction": 5,
                "cores": 2,
                "gpus": 0,
                "memory": 1
              }
            ],
            "scheduling_policy": [
              {
                "preemptible": true
              }
            ],
            "secondary_disk": [],
            "service_account_id": "",
            "status": "running",
            "timeouts": null,
            "zone": "ru-central1-a"
          },
          "sensitive_attributes": [],
          "private": "eyJlMmJmYjczMC1lY2FhLTExZTYtOGY4OC0zNDM2M2JjN2M0YzAiOnsiY3JlYXRlIjozMDAwMDAwMDAwMDAsImRlbGV0ZSI6MzAwMDAwMDAwMDAwLCJ1cGRhdGUiOjMwMDAwMDAwMDAwMH0sInNjaGVtYV92ZXJzaW9uIjoiMSJ9",
          "dependencies": [
            "data.yandex_compute_image.ubuntu",
            "yandex_compute_instance.db",
            "yandex_vpc_network.develop",
            "yandex_vpc_security_group.example",
            "yandex_vpc_subnet.develop",
            "yandex_vpc_subnet.develop_db"
          ]
        }
      ]
    },
    {
      "mode": "managed",
      "type": "yandex_vpc_network",
      "name": "develop",
      "provider": "provider[\"registry.terraform.io/yandex-cloud/yandex\"]",
      "instances": [
        {
          "schema_version": 0,
          "attributes": {
            "created_at": "2025-04-20T04:48:27Z",
            "default_security_group_id": "enp9r3u2l20m5002stl1",
            "description": "",
            "folder_id": "b1grekf05a830gqkk35s",
            "id": "enpo8hu31dl42geh0l5l",
            "labels": {},
            "name": "develop",
            "subnet_ids": [],
            "timeouts": null
          },
          "sensitive_attributes": [],
          "private": "eyJlMmJmYjczMC1lY2FhLTExZTYtOGY4OC0zNDM2M2JjN2M0YzAiOnsiY3JlYXRlIjo2MDAwMDAwMDAwMCwiZGVsZXRlIjo2MDAwMDAwMDAwMCwidXBkYXRlIjo2MDAwMDAwMDAwMH19"
        }
      ]
    },
    {
      "mode": "managed",
      "type": "yandex_vpc_security_group",
      "name": "example",
      "provider": "provider[\"registry.terraform.io/yandex-cloud/yandex\"]",
      "instances": [
        {
          "schema_version": 0,
          "attributes": {
            "created_at": "2025-04-20T04:48:31Z",
            "description": "",
            "egress": [
              {
                "description": "разрешить весь исходящий трафик",
                "from_port": 0,
                "id": "enpdffj4jngdkjftdct3",
                "labels": {},
                "port": -1,
                "predefined_target": "",
                "protocol": "TCP",
                "security_group_id": "",
                "to_port": 65365,
                "v4_cidr_blocks": [
                  "0.0.0.0/0"
                ],
                "v6_cidr_blocks": []
              }
            ],
            "folder_id": "b1grekf05a830gqkk35s",
            "id": "enprnll0l08vgdj2h6ik",
            "ingress": [
              {
                "description": "разрешить входящий  http",
                "from_port": -1,
                "id": "enpebfupbevtfrbta192",
                "labels": {},
                "port": 80,
                "predefined_target": "",
                "protocol": "TCP",
                "security_group_id": "",
                "to_port": -1,
                "v4_cidr_blocks": [
                  "0.0.0.0/0"
                ],
                "v6_cidr_blocks": []
              },
              {
                "description": "разрешить входящий https",
                "from_port": -1,
                "id": "enp691tape16a8376f82",
                "labels": {},
                "port": 443,
                "predefined_target": "",
                "protocol": "TCP",
                "security_group_id": "",
                "to_port": -1,
                "v4_cidr_blocks": [
                  "0.0.0.0/0"
                ],
                "v6_cidr_blocks": []
              },
              {
                "description": "разрешить входящий ssh",
                "from_port": -1,
                "id": "enpdc57j86iiinjons46",
                "labels": {},
                "port": 22,
                "predefined_target": "",
                "protocol": "TCP",
                "security_group_id": "",
                "to_port": -1,
                "v4_cidr_blocks": [
                  "0.0.0.0/0"
                ],
                "v6_cidr_blocks": []
              }
            ],
            "labels": {},
            "name": "example_dynamic",
            "network_id": "enpo8hu31dl42geh0l5l",
            "status": "ACTIVE",
            "timeouts": null
          },
          "sensitive_attributes": [],
          "private": "eyJlMmJmYjczMC1lY2FhLTExZTYtOGY4OC0zNDM2M2JjN2M0YzAiOnsiY3JlYXRlIjoxODAwMDAwMDAwMDAsImRlbGV0ZSI6MTgwMDAwMDAwMDAwLCJ1cGRhdGUiOjE4MDAwMDAwMDAwMH19",
          "dependencies": [
            "yandex_vpc_network.develop"
          ]
        }
      ]
    },
    {
      "mode": "managed",
      "type": "yandex_vpc_subnet",
      "name": "develop",
      "provider": "provider[\"registry.terraform.io/yandex-cloud/yandex\"]",
      "instances": [
        {
          "schema_version": 0,
          "attributes": {
            "created_at": "2025-04-20T04:48:29Z",
            "description": "",
            "dhcp_options": [],
            "folder_id": "b1grekf05a830gqkk35s",
            "id": "e9bjr4ipt4dvtnq0c1ts",
            "labels": {},
            "name": "develop-web",
            "network_id": "enpo8hu31dl42geh0l5l",
            "route_table_id": "",
            "timeouts": null,
            "v4_cidr_blocks": [
              "10.0.1.0/24"
            ],
            "v6_cidr_blocks": [],
            "zone": "ru-central1-a"
          },
          "sensitive_attributes": [],
          "private": "eyJlMmJmYjczMC1lY2FhLTExZTYtOGY4OC0zNDM2M2JjN2M0YzAiOnsiY3JlYXRlIjoxODAwMDAwMDAwMDAsImRlbGV0ZSI6MTgwMDAwMDAwMDAwLCJ1cGRhdGUiOjE4MDAwMDAwMDAwMH19",
          "dependencies": [
            "yandex_vpc_network.develop"
          ]
        }
      ]
    },
    {
      "mode": "managed",
      "type": "yandex_vpc_subnet",
      "name": "develop_db",
      "provider": "provider[\"registry.terraform.io/yandex-cloud/yandex\"]",
      "instances": [
        {
          "schema_version": 0,
          "attributes": {
            "created_at": "2025-04-20T04:48:30Z",
            "description": "",
            "dhcp_options": [],
            "folder_id": "b1grekf05a830gqkk35s",
            "id": "e2l0g166kh9c1iqgtlpm",
            "labels": {},
            "name": "develop-db",
            "network_id": "enpo8hu31dl42geh0l5l",
            "route_table_id": "",
            "timeouts": null,
            "v4_cidr_blocks": [
              "10.0.2.0/24"
            ],
            "v6_cidr_blocks": [],
            "zone": "ru-central1-b"
          },
          "sensitive_attributes": [],
          "private": "eyJlMmJmYjczMC1lY2FhLTExZTYtOGY4OC0zNDM2M2JjN2M0YzAiOnsiY3JlYXRlIjoxODAwMDAwMDAwMDAsImRlbGV0ZSI6MTgwMDAwMDAwMDAwLCJ1cGRhdGUiOjE4MDAwMDAwMDAwMH19",
          "dependencies": [
            "yandex_vpc_network.develop"
          ]
        }
      ]
    }
  ],
  "check_results": null
}
