{
  "version": 4,
  "terraform_version": "1.8.4",
  "serial": 211,
  "lineage": "ce846970-db1d-8e7e-0ec7-b681e9e262da",
  "outputs": {},
  "resources": [
    {
      "mode": "data",
      "type": "yandex_compute_image",
      "name": "ubuntu",
      "provider": "provider[\"registry.terraform.io/yandex-cloud/yandex\"]",
      "instances": [
        {
          "schema_version": 0,
          "attributes": {
            "created_at": "2025-04-14T11:05:36Z",
            "description": "Ubuntu 22.04 lts v20250404030346",
            "family": "ubuntu-2204-lts",
            "folder_id": "standard-images",
            "hardware_generation": [
              {
                "generation2_features": [],
                "legacy_features": [
                  {
                    "pci_topology": "PCI_TOPOLOGY_V1"
                  }
                ]
              }
            ],
            "id": "fd8smepb6mdk5nk8khe3",
            "image_id": "fd8smepb6mdk5nk8khe3",
            "kms_key_id": null,
            "labels": {
              "version": "20250404030346",
              "x-hopper-operation-id": "d9pcgg1f1ie9cuubaadl",
              "x-hopper-source-image-id": "fd8ub61ukiu5g281g0jp"
            },
            "min_disk_size": 8,
            "name": "ubuntu-22-04-lts-v20250414",
            "os_type": "linux",
            "pooled": true,
            "product_ids": [
              "f2englsgq8prrurohu5m"
            ],
            "size": 2,
            "status": "ready"
          },
          "sensitive_attributes": []
        }
      ]
    },
    {
      "mode": "managed",
      "type": "local_file",
      "name": "ansible_inventory",
      "provider": "provider[\"registry.terraform.io/hashicorp/local\"]",
      "instances": [
        {
          "schema_version": 0,
          "attributes": {
            "content": "[webservers]\nweb-1 ansible_host=51.250.5.204 fqdn=fhmslvs6hm20dbq4gip0.auto.internal\nweb-2 ansible_host=158.160.114.140 fqdn=fhmdcvbeticcn6smtc4j.auto.internal\n\n[databases]\nmain ansible_host=89.169.164.24 fqdn=epd88dsb49ilvbmah8d1.auto.internal\nreplica ansible_host=158.160.24.61 fqdn=epdlf6isv90b90u458no.auto.internal\n\n[storage]\nstorage ansible_host=89.169.132.74 fqdn=fhmfbe4baq15vgkk9f2r.auto.internal\n",
            "content_base64": null,
            "content_base64sha256": "Q+/BNIBvnTvYvHyTZTD/PV92/oEmyzreVaDaR/oi2To=",
            "content_base64sha512": "uKguziCguW45iNjqspqU7YAevNIqsp/mmiielUOZ3FxtBsTMGyEz8QTxlWPdJuadJ1P9oRUL52MnIEK20BebSw==",
            "content_md5": "8c8cb4bfb5a81dddc599a400d2d08cce",
            "content_sha1": "65d87364de3b56d9e4515850dc384be6dce64fd6",
            "content_sha256": "43efc134806f9d3bd8bc7c936530ff3d5f76fe8126cb3ade55a0da47fa22d93a",
            "content_sha512": "b8a82ece20a0b96e3988d8eab29a94ed801ebcd22ab29fe69a289e954399dc5c6d06c4cc1b2133f104f19563dd26e69d2753fda1150be763272042b6d0179b4b",
            "directory_permission": "0777",
            "file_permission": "0777",
            "filename": "./inventory.ini",
            "id": "65d87364de3b56d9e4515850dc384be6dce64fd6",
            "sensitive_content": null,
            "source": null
          },
          "sensitive_attributes": [
            [
              {
                "type": "get_attr",
                "value": "sensitive_content"
              }
            ]
          ],
          "dependencies": [
            "data.yandex_compute_image.ubuntu",
            "yandex_compute_disk.storage_disks",
            "yandex_compute_instance.db",
            "yandex_compute_instance.storage",
            "yandex_compute_instance.web",
            "yandex_vpc_network.develop",
            "yandex_vpc_security_group.ansible",
            "yandex_vpc_security_group.example",
            "yandex_vpc_subnet.develop",
            "yandex_vpc_subnet.develop_db"
          ]
        }
      ]
    },
    {
      "mode": "managed",
      "type": "null_resource",
      "name": "web_hosts_provision",
      "provider": "provider[\"registry.terraform.io/hashicorp/null\"]",
      "instances": [
        {
          "index_key": 0,
          "schema_version": 0,
          "attributes": {
            "id": "7760243307686442810",
            "triggers": null
          },
          "sensitive_attributes": [],
          "dependencies": [
            "data.yandex_compute_image.ubuntu",
            "local_file.ansible_inventory",
            "yandex_compute_disk.storage_disks",
            "yandex_compute_instance.db",
            "yandex_compute_instance.storage",
            "yandex_compute_instance.web",
            "yandex_vpc_network.develop",
            "yandex_vpc_security_group.ansible",
            "yandex_vpc_security_group.example",
            "yandex_vpc_subnet.develop",
            "yandex_vpc_subnet.develop_db"
          ]
        }
      ]
    },
    {
      "mode": "managed",
      "type": "random_password",
      "name": "each",
      "provider": "provider[\"registry.terraform.io/hashicorp/random\"]",
      "instances": [
        {
          "index_key": "main",
          "schema_version": 3,
          "attributes": {
            "bcrypt_hash": "$2a$10$8cx4PDb0wIwYjFfCXVtRY.2gOV2feMsfdX0e2SI/6U7tUSU716RUe",
            "id": "none",
            "keepers": null,
            "length": 16,
            "lower": true,
            "min_lower": 0,
            "min_numeric": 0,
            "min_special": 0,
            "min_upper": 0,
            "number": true,
            "numeric": true,
            "override_special": null,
            "result": "DbTthHt94)+!ziq*",
            "special": true,
            "upper": true
          },
          "sensitive_attributes": [
            [
              {
                "type": "get_attr",
                "value": "bcrypt_hash"
              }
            ],
            [
              {
                "type": "get_attr",
                "value": "result"
              }
            ]
          ],
          "dependencies": [
            "data.yandex_compute_image.ubuntu",
            "yandex_compute_disk.storage_disks",
            "yandex_compute_instance.db",
            "yandex_compute_instance.storage",
            "yandex_compute_instance.web",
            "yandex_vpc_network.develop",
            "yandex_vpc_security_group.ansible",
            "yandex_vpc_security_group.example",
            "yandex_vpc_subnet.develop",
            "yandex_vpc_subnet.develop_db"
          ]
        },
        {
          "index_key": "replica",
          "schema_version": 3,
          "attributes": {
            "bcrypt_hash": "$2a$10$9YCjeaxfgBN6J5y6SbhLte/R6m1X9snooJ.hY6TB3QfC2fDNdT6RS",
            "id": "none",
            "keepers": null,
            "length": 16,
            "lower": true,
            "min_lower": 0,
            "min_numeric": 0,
            "min_special": 0,
            "min_upper": 0,
            "number": true,
            "numeric": true,
            "override_special": null,
            "result": "#2!5SfXYOn?N1A\u0026(",
            "special": true,
            "upper": true
          },
          "sensitive_attributes": [
            [
              {
                "type": "get_attr",
                "value": "result"
              }
            ],
            [
              {
                "type": "get_attr",
                "value": "bcrypt_hash"
              }
            ]
          ],
          "dependencies": [
            "data.yandex_compute_image.ubuntu",
            "yandex_compute_disk.storage_disks",
            "yandex_compute_instance.db",
            "yandex_compute_instance.storage",
            "yandex_compute_instance.web",
            "yandex_vpc_network.develop",
            "yandex_vpc_security_group.ansible",
            "yandex_vpc_security_group.example",
            "yandex_vpc_subnet.develop",
            "yandex_vpc_subnet.develop_db"
          ]
        },
        {
          "index_key": "storage",
          "schema_version": 3,
          "attributes": {
            "bcrypt_hash": "$2a$10$QLY8je2dgQ2s1.MC0DaX3.55Y2ka18ggBoK6MEtP6GeraEuFU2AKG",
            "id": "none",
            "keepers": null,
            "length": 16,
            "lower": true,
            "min_lower": 0,
            "min_numeric": 0,
            "min_special": 0,
            "min_upper": 0,
            "number": true,
            "numeric": true,
            "override_special": null,
            "result": "0NT_KJBCZ+CB3jV(",
            "special": true,
            "upper": true
          },
          "sensitive_attributes": [
            [
              {
                "type": "get_attr",
                "value": "bcrypt_hash"
              }
            ],
            [
              {
                "type": "get_attr",
                "value": "result"
              }
            ]
          ],
          "dependencies": [
            "data.yandex_compute_image.ubuntu",
            "yandex_compute_disk.storage_disks",
            "yandex_compute_instance.db",
            "yandex_compute_instance.storage",
            "yandex_compute_instance.web",
            "yandex_vpc_network.develop",
            "yandex_vpc_security_group.ansible",
            "yandex_vpc_security_group.example",
            "yandex_vpc_subnet.develop",
            "yandex_vpc_subnet.develop_db"
          ]
        },
        {
          "index_key": "web-1",
          "schema_version": 3,
          "attributes": {
            "bcrypt_hash": "$2a$10$YewP/dgW6fGwIdx/z2HKIud2UPVjCpUCBdgyibynpss3t2Tc6op3m",
            "id": "none",
            "keepers": null,
            "length": 16,
            "lower": true,
            "min_lower": 0,
            "min_numeric": 0,
            "min_special": 0,
            "min_upper": 0,
            "number": true,
            "numeric": true,
            "override_special": null,
            "result": "+CZ*lfu9iT}kutCT",
            "special": true,
            "upper": true
          },
          "sensitive_attributes": [
            [
              {
                "type": "get_attr",
                "value": "result"
              }
            ],
            [
              {
                "type": "get_attr",
                "value": "bcrypt_hash"
              }
            ]
          ],
          "dependencies": [
            "data.yandex_compute_image.ubuntu",
            "yandex_compute_disk.storage_disks",
            "yandex_compute_instance.db",
            "yandex_compute_instance.storage",
            "yandex_compute_instance.web",
            "yandex_vpc_network.develop",
            "yandex_vpc_security_group.ansible",
            "yandex_vpc_security_group.example",
            "yandex_vpc_subnet.develop",
            "yandex_vpc_subnet.develop_db"
          ]
        },
        {
          "index_key": "web-2",
          "schema_version": 3,
          "attributes": {
            "bcrypt_hash": "$2a$10$yfHvQW.FFE5BYVLf8hwYb.h/TDbWHWZCSzsXjGD93rh1Dr1gDRBM2",
            "id": "none",
            "keepers": null,
            "length": 16,
            "lower": true,
            "min_lower": 0,
            "min_numeric": 0,
            "min_special": 0,
            "min_upper": 0,
            "number": true,
            "numeric": true,
            "override_special": null,
            "result": "A6*8y}ax@lYv_O%D",
            "special": true,
            "upper": true
          },
          "sensitive_attributes": [
            [
              {
                "type": "get_attr",
                "value": "result"
              }
            ],
            [
              {
                "type": "get_attr",
                "value": "bcrypt_hash"
              }
            ]
          ],
          "dependencies": [
            "data.yandex_compute_image.ubuntu",
            "yandex_compute_disk.storage_disks",
            "yandex_compute_instance.db",
            "yandex_compute_instance.storage",
            "yandex_compute_instance.web",
            "yandex_vpc_network.develop",
            "yandex_vpc_security_group.ansible",
            "yandex_vpc_security_group.example",
            "yandex_vpc_subnet.develop",
            "yandex_vpc_subnet.develop_db"
          ]
        }
      ]
    },
    {
      "mode": "managed",
      "type": "yandex_compute_disk",
      "name": "storage_disks",
      "provider": "provider[\"registry.terraform.io/yandex-cloud/yandex\"]",
      "instances": [
        {
          "index_key": 0,
          "schema_version": 0,
          "attributes": {
            "allow_recreate": null,
            "block_size": 4096,
            "created_at": "2025-04-20T12:16:15Z",
            "description": "",
            "disk_placement_policy": [
              {
                "disk_placement_group_id": ""
              }
            ],
            "folder_id": "b1grekf05a830gqkk35s",
            "hardware_generation": [
              {
                "generation2_features": [],
                "legacy_features": [
                  {
                    "pci_topology": "PCI_TOPOLOGY_V1"
                  }
                ]
              }
            ],
            "id": "fhmtri7gicaegutl5kpa",
            "image_id": "",
            "kms_key_id": null,
            "labels": null,
            "name": "storage-disk-0",
            "product_ids": [],
            "size": 1,
            "snapshot_id": "",
            "status": "ready",
            "timeouts": null,
            "type": "network-hdd",
            "zone": "ru-central1-a"
          },
          "sensitive_attributes": [],
          "private": "eyJlMmJmYjczMC1lY2FhLTExZTYtOGY4OC0zNDM2M2JjN2M0YzAiOnsiY3JlYXRlIjozMDAwMDAwMDAwMDAsImRlbGV0ZSI6MzAwMDAwMDAwMDAwLCJ1cGRhdGUiOjMwMDAwMDAwMDAwMH19"
        },
        {
          "index_key": 1,
          "schema_version": 0,
          "attributes": {
            "allow_recreate": null,
            "block_size": 4096,
            "created_at": "2025-04-20T12:16:15Z",
            "description": "",
            "disk_placement_policy": [
              {
                "disk_placement_group_id": ""
              }
            ],
            "folder_id": "b1grekf05a830gqkk35s",
            "hardware_generation": [
              {
                "generation2_features": [],
                "legacy_features": [
                  {
                    "pci_topology": "PCI_TOPOLOGY_V1"
                  }
                ]
              }
            ],
            "id": "fhmd4asb1lfblsgce5ho",
            "image_id": "",
            "kms_key_id": null,
            "labels": null,
            "name": "storage-disk-1",
            "product_ids": [],
            "size": 1,
            "snapshot_id": "",
            "status": "ready",
            "timeouts": null,
            "type": "network-hdd",
            "zone": "ru-central1-a"
          },
          "sensitive_attributes": [],
          "private": "eyJlMmJmYjczMC1lY2FhLTExZTYtOGY4OC0zNDM2M2JjN2M0YzAiOnsiY3JlYXRlIjozMDAwMDAwMDAwMDAsImRlbGV0ZSI6MzAwMDAwMDAwMDAwLCJ1cGRhdGUiOjMwMDAwMDAwMDAwMH19"
        },
        {
          "index_key": 2,
          "schema_version": 0,
          "attributes": {
            "allow_recreate": null,
            "block_size": 4096,
            "created_at": "2025-04-20T12:16:15Z",
            "description": "",
            "disk_placement_policy": [
              {
                "disk_placement_group_id": ""
              }
            ],
            "folder_id": "b1grekf05a830gqkk35s",
            "hardware_generation": [
              {
                "generation2_features": [],
                "legacy_features": [
                  {
                    "pci_topology": "PCI_TOPOLOGY_V1"
                  }
                ]
              }
            ],
            "id": "fhm96hds9t58c3ra0qkh",
            "image_id": "",
            "kms_key_id": null,
            "labels": null,
            "name": "storage-disk-2",
            "product_ids": [],
            "size": 1,
            "snapshot_id": "",
            "status": "ready",
            "timeouts": null,
            "type": "network-hdd",
            "zone": "ru-central1-a"
          },
          "sensitive_attributes": [],
          "private": "eyJlMmJmYjczMC1lY2FhLTExZTYtOGY4OC0zNDM2M2JjN2M0YzAiOnsiY3JlYXRlIjozMDAwMDAwMDAwMDAsImRlbGV0ZSI6MzAwMDAwMDAwMDAwLCJ1cGRhdGUiOjMwMDAwMDAwMDAwMH19"
        }
      ]
    },
    {
      "mode": "managed",
      "type": "yandex_compute_instance",
      "name": "db",
      "provider": "provider[\"registry.terraform.io/yandex-cloud/yandex\"]",
      "instances": [
        {
          "index_key": "main",
          "schema_version": 1,
          "attributes": {
            "allow_recreate": null,
            "allow_stopping_for_update": null,
            "boot_disk": [
              {
                "auto_delete": true,
                "device_name": "epd34m65pgcjogagknkv",
                "disk_id": "epd34m65pgcjogagknkv",
                "initialize_params": [
                  {
                    "block_size": 4096,
                    "description": "",
                    "image_id": "fd8smepb6mdk5nk8khe3",
                    "kms_key_id": "",
                    "name": "",
                    "size": 10,
                    "snapshot_id": "",
                    "type": "network-hdd"
                  }
                ],
                "mode": "READ_WRITE"
              }
            ],
            "created_at": "2025-04-20T12:16:20Z",
            "description": "",
            "filesystem": [],
            "folder_id": "b1grekf05a830gqkk35s",
            "fqdn": "epd88dsb49ilvbmah8d1.auto.internal",
            "gpu_cluster_id": "",
            "hardware_generation": [
              {
                "generation2_features": [],
                "legacy_features": [
                  {
                    "pci_topology": "PCI_TOPOLOGY_V1"
                  }
                ]
              }
            ],
            "hostname": "",
            "id": "epd88dsb49ilvbmah8d1",
            "labels": null,
            "local_disk": [],
            "maintenance_grace_period": "",
            "maintenance_policy": null,
            "metadata": {
              "serial-port-enable": "1",
              "ssh-keys": "ubuntu:ssh-rsa AAAAB3NzaC1yc2EAAAADAQABAAABgQDgn6vGmPneXG5QJ7xIA6Yy2v/XDmsVVdvJfh5V6dInP99ELtNUvrW4v3uia9iCl9d6GRlbfHxUGDfU9Q2ysYmfr0Wc0ircQNr1UeDtxz17ve/dPbmDSRr7YZfx65yoEwMWnq3NYAuM/hu0qrh/Yob8MjG35KGkrxUoKnmi0ECj7s4nqgl2P9QBIJAt6/NZHyJ/FHYaflKj48flwPVBYb2SNlS9j6IwiUIzpPY1YaURrEo/rXdyiIngjLdpdtA4Vis9MR813Xo/Wbg05oMghx9Dmbu6dlEdCIgcwFtPQCGR8cQZeeYKFq52T16Tes48bOsbockQxc8O/Nu8nW34kbKMRlhMqMBz4xZG9ZtPu704ayA+xxumnLZkbNZ6ILAoG79Si/62X+PaUgpty3Qr9OTE0r6LDL1xsB4OH3T3Ekl2ihSLmdxgd70koCUrueyReh+K2AEQ1C7EWaplmk3Gums0tDDLqOnxSr+M6UOIbs4iwTrlStwmFKZz003ebSm3xnc= root@vm1\n"
            },
            "metadata_options": [
              {
                "aws_v1_http_endpoint": 1,
                "aws_v1_http_token": 2,
                "gce_http_endpoint": 1,
                "gce_http_token": 1
              }
            ],
            "name": "main",
            "network_acceleration_type": "standard",
            "network_interface": [
              {
                "dns_record": [],
                "index": 0,
                "ip_address": "10.0.2.15",
                "ipv4": true,
                "ipv6": false,
                "ipv6_address": "",
                "ipv6_dns_record": [],
                "mac_address": "d0:0d:84:37:8b:22",
                "nat": true,
                "nat_dns_record": [],
                "nat_ip_address": "89.169.164.24",
                "nat_ip_version": "IPV4",
                "security_group_ids": [
                  "enphjg8a93npnelsnjjd"
                ],
                "subnet_id": "e2lg49dsqc6lhkm41f1t"
              }
            ],
            "placement_policy": [
              {
                "host_affinity_rules": [],
                "placement_group_id": "",
                "placement_group_partition": 0
              }
            ],
            "platform_id": "standard-v1",
            "resources": [
              {
                "core_fraction": 20,
                "cores": 2,
                "gpus": 0,
                "memory": 2
              }
            ],
            "scheduling_policy": [
              {
                "preemptible": true
              }
            ],
            "secondary_disk": [],
            "service_account_id": "",
            "status": "running",
            "timeouts": null,
            "zone": "ru-central1-b"
          },
          "sensitive_attributes": [],
          "private": "eyJlMmJmYjczMC1lY2FhLTExZTYtOGY4OC0zNDM2M2JjN2M0YzAiOnsiY3JlYXRlIjozMDAwMDAwMDAwMDAsImRlbGV0ZSI6MzAwMDAwMDAwMDAwLCJ1cGRhdGUiOjMwMDAwMDAwMDAwMH0sInNjaGVtYV92ZXJzaW9uIjoiMSJ9",
          "dependencies": [
            "data.yandex_compute_image.ubuntu",
            "yandex_vpc_network.develop",
            "yandex_vpc_security_group.example",
            "yandex_vpc_subnet.develop_db"
          ]
        },
        {
          "index_key": "replica",
          "schema_version": 1,
          "attributes": {
            "allow_recreate": null,
            "allow_stopping_for_update": null,
            "boot_disk": [
              {
                "auto_delete": true,
                "device_name": "epd1sokjrecit3mo2id2",
                "disk_id": "epd1sokjrecit3mo2id2",
                "initialize_params": [
                  {
                    "block_size": 4096,
                    "description": "",
                    "image_id": "fd8smepb6mdk5nk8khe3",
                    "kms_key_id": "",
                    "name": "",
                    "size": 10,
                    "snapshot_id": "",
                    "type": "network-hdd"
                  }
                ],
                "mode": "READ_WRITE"
              }
            ],
            "created_at": "2025-04-20T12:16:20Z",
            "description": "",
            "filesystem": [],
            "folder_id": "b1grekf05a830gqkk35s",
            "fqdn": "epdlf6isv90b90u458no.auto.internal",
            "gpu_cluster_id": "",
            "hardware_generation": [
              {
                "generation2_features": [],
                "legacy_features": [
                  {
                    "pci_topology": "PCI_TOPOLOGY_V1"
                  }
                ]
              }
            ],
            "hostname": "",
            "id": "epdlf6isv90b90u458no",
            "labels": null,
            "local_disk": [],
            "maintenance_grace_period": "",
            "maintenance_policy": null,
            "metadata": {
              "serial-port-enable": "1",
              "ssh-keys": "ubuntu:ssh-rsa AAAAB3NzaC1yc2EAAAADAQABAAABgQDgn6vGmPneXG5QJ7xIA6Yy2v/XDmsVVdvJfh5V6dInP99ELtNUvrW4v3uia9iCl9d6GRlbfHxUGDfU9Q2ysYmfr0Wc0ircQNr1UeDtxz17ve/dPbmDSRr7YZfx65yoEwMWnq3NYAuM/hu0qrh/Yob8MjG35KGkrxUoKnmi0ECj7s4nqgl2P9QBIJAt6/NZHyJ/FHYaflKj48flwPVBYb2SNlS9j6IwiUIzpPY1YaURrEo/rXdyiIngjLdpdtA4Vis9MR813Xo/Wbg05oMghx9Dmbu6dlEdCIgcwFtPQCGR8cQZeeYKFq52T16Tes48bOsbockQxc8O/Nu8nW34kbKMRlhMqMBz4xZG9ZtPu704ayA+xxumnLZkbNZ6ILAoG79Si/62X+PaUgpty3Qr9OTE0r6LDL1xsB4OH3T3Ekl2ihSLmdxgd70koCUrueyReh+K2AEQ1C7EWaplmk3Gums0tDDLqOnxSr+M6UOIbs4iwTrlStwmFKZz003ebSm3xnc= root@vm1\n"
            },
            "metadata_options": [
              {
                "aws_v1_http_endpoint": 1,
                "aws_v1_http_token": 2,
                "gce_http_endpoint": 1,
                "gce_http_token": 1
              }
            ],
            "name": "replica",
            "network_acceleration_type": "standard",
            "network_interface": [
              {
                "dns_record": [],
                "index": 0,
                "ip_address": "10.0.2.19",
                "ipv4": true,
                "ipv6": false,
                "ipv6_address": "",
                "ipv6_dns_record": [],
                "mac_address": "d0:0d:15:79:a5:cf",
                "nat": true,
                "nat_dns_record": [],
                "nat_ip_address": "158.160.24.61",
                "nat_ip_version": "IPV4",
                "security_group_ids": [
                  "enphjg8a93npnelsnjjd"
                ],
                "subnet_id": "e2lg49dsqc6lhkm41f1t"
              }
            ],
            "placement_policy": [
              {
                "host_affinity_rules": [],
                "placement_group_id": "",
                "placement_group_partition": 0
              }
            ],
            "platform_id": "standard-v1",
            "resources": [
              {
                "core_fraction": 20,
                "cores": 4,
                "gpus": 0,
                "memory": 4
              }
            ],
            "scheduling_policy": [
              {
                "preemptible": true
              }
            ],
            "secondary_disk": [],
            "service_account_id": "",
            "status": "running",
            "timeouts": null,
            "zone": "ru-central1-b"
          },
          "sensitive_attributes": [],
          "private": "eyJlMmJmYjczMC1lY2FhLTExZTYtOGY4OC0zNDM2M2JjN2M0YzAiOnsiY3JlYXRlIjozMDAwMDAwMDAwMDAsImRlbGV0ZSI6MzAwMDAwMDAwMDAwLCJ1cGRhdGUiOjMwMDAwMDAwMDAwMH0sInNjaGVtYV92ZXJzaW9uIjoiMSJ9",
          "dependencies": [
            "data.yandex_compute_image.ubuntu",
            "yandex_vpc_network.develop",
            "yandex_vpc_security_group.example",
            "yandex_vpc_subnet.develop_db"
          ]
        }
      ]
    },
    {
      "mode": "managed",
      "type": "yandex_compute_instance",
      "name": "storage",
      "provider": "provider[\"registry.terraform.io/yandex-cloud/yandex\"]",
      "instances": [
        {
          "schema_version": 1,
          "attributes": {
            "allow_recreate": null,
            "allow_stopping_for_update": null,
            "boot_disk": [
              {
                "auto_delete": true,
                "device_name": "fhmgr5dc6k3bpq3rj8h1",
                "disk_id": "fhmgr5dc6k3bpq3rj8h1",
                "initialize_params": [
                  {
                    "block_size": 4096,
                    "description": "",
                    "image_id": "fd8smepb6mdk5nk8khe3",
                    "kms_key_id": "",
                    "name": "",
                    "size": 8,
                    "snapshot_id": "",
                    "type": "network-hdd"
                  }
                ],
                "mode": "READ_WRITE"
              }
            ],
            "created_at": "2025-04-20T12:16:26Z",
            "description": "",
            "filesystem": [],
            "folder_id": "b1grekf05a830gqkk35s",
            "fqdn": "fhmfbe4baq15vgkk9f2r.auto.internal",
            "gpu_cluster_id": "",
            "hardware_generation": [
              {
                "generation2_features": [],
                "legacy_features": [
                  {
                    "pci_topology": "PCI_TOPOLOGY_V1"
                  }
                ]
              }
            ],
            "hostname": "",
            "id": "fhmfbe4baq15vgkk9f2r",
            "labels": null,
            "local_disk": [],
            "maintenance_grace_period": "",
            "maintenance_policy": null,
            "metadata": {
              "serial-port-enable": "1",
              "ssh-keys": "ubuntu:ssh-rsa AAAAB3NzaC1yc2EAAAADAQABAAABgQDgn6vGmPneXG5QJ7xIA6Yy2v/XDmsVVdvJfh5V6dInP99ELtNUvrW4v3uia9iCl9d6GRlbfHxUGDfU9Q2ysYmfr0Wc0ircQNr1UeDtxz17ve/dPbmDSRr7YZfx65yoEwMWnq3NYAuM/hu0qrh/Yob8MjG35KGkrxUoKnmi0ECj7s4nqgl2P9QBIJAt6/NZHyJ/FHYaflKj48flwPVBYb2SNlS9j6IwiUIzpPY1YaURrEo/rXdyiIngjLdpdtA4Vis9MR813Xo/Wbg05oMghx9Dmbu6dlEdCIgcwFtPQCGR8cQZeeYKFq52T16Tes48bOsbockQxc8O/Nu8nW34kbKMRlhMqMBz4xZG9ZtPu704ayA+xxumnLZkbNZ6ILAoG79Si/62X+PaUgpty3Qr9OTE0r6LDL1xsB4OH3T3Ekl2ihSLmdxgd70koCUrueyReh+K2AEQ1C7EWaplmk3Gums0tDDLqOnxSr+M6UOIbs4iwTrlStwmFKZz003ebSm3xnc= root@vm1\n"
            },
            "metadata_options": [
              {
                "aws_v1_http_endpoint": 1,
                "aws_v1_http_token": 2,
                "gce_http_endpoint": 1,
                "gce_http_token": 1
              }
            ],
            "name": "storage",
            "network_acceleration_type": "standard",
            "network_interface": [
              {
                "dns_record": [],
                "index": 0,
                "ip_address": "10.0.1.11",
                "ipv4": true,
                "ipv6": false,
                "ipv6_address": "",
                "ipv6_dns_record": [],
                "mac_address": "d0:0d:f5:b8:8b:56",
                "nat": true,
                "nat_dns_record": [],
                "nat_ip_address": "89.169.132.74",
                "nat_ip_version": "IPV4",
                "security_group_ids": [
                  "enphjg8a93npnelsnjjd"
                ],
                "subnet_id": "e9b87ieui4ohegiur03s"
              }
            ],
            "placement_policy": [
              {
                "host_affinity_rules": [],
                "placement_group_id": "",
                "placement_group_partition": 0
              }
            ],
            "platform_id": "standard-v1",
            "resources": [
              {
                "core_fraction": 20,
                "cores": 2,
                "gpus": 0,
                "memory": 1
              }
            ],
            "scheduling_policy": [
              {
                "preemptible": false
              }
            ],
            "secondary_disk": [
              {
                "auto_delete": false,
                "device_name": "fhm96hds9t58c3ra0qkh",
                "disk_id": "fhm96hds9t58c3ra0qkh",
                "mode": "READ_WRITE"
              },
              {
                "auto_delete": false,
                "device_name": "fhmd4asb1lfblsgce5ho",
                "disk_id": "fhmd4asb1lfblsgce5ho",
                "mode": "READ_WRITE"
              },
              {
                "auto_delete": false,
                "device_name": "fhmtri7gicaegutl5kpa",
                "disk_id": "fhmtri7gicaegutl5kpa",
                "mode": "READ_WRITE"
              }
            ],
            "service_account_id": "",
            "status": "running",
            "timeouts": null,
            "zone": "ru-central1-a"
          },
          "sensitive_attributes": [],
          "private": "eyJlMmJmYjczMC1lY2FhLTExZTYtOGY4OC0zNDM2M2JjN2M0YzAiOnsiY3JlYXRlIjozMDAwMDAwMDAwMDAsImRlbGV0ZSI6MzAwMDAwMDAwMDAwLCJ1cGRhdGUiOjMwMDAwMDAwMDAwMH0sInNjaGVtYV92ZXJzaW9uIjoiMSJ9",
          "dependencies": [
            "data.yandex_compute_image.ubuntu",
            "yandex_compute_disk.storage_disks",
            "yandex_vpc_network.develop",
            "yandex_vpc_security_group.example",
            "yandex_vpc_subnet.develop"
          ]
        }
      ]
    },
    {
      "mode": "managed",
      "type": "yandex_compute_instance",
      "name": "web",
      "provider": "provider[\"registry.terraform.io/yandex-cloud/yandex\"]",
      "instances": [
        {
          "index_key": 0,
          "schema_version": 1,
          "attributes": {
            "allow_recreate": null,
            "allow_stopping_for_update": null,
            "boot_disk": [
              {
                "auto_delete": true,
                "device_name": "fhmf5ipt1kf25f8fnilp",
                "disk_id": "fhmf5ipt1kf25f8fnilp",
                "initialize_params": [
                  {
                    "block_size": 4096,
                    "description": "",
                    "image_id": "fd8smepb6mdk5nk8khe3",
                    "kms_key_id": "",
                    "name": "",
                    "size": 10,
                    "snapshot_id": "",
                    "type": "network-hdd"
                  }
                ],
                "mode": "READ_WRITE"
              }
            ],
            "created_at": "2025-04-20T12:16:53Z",
            "description": "",
            "filesystem": [],
            "folder_id": "b1grekf05a830gqkk35s",
            "fqdn": "fhmslvs6hm20dbq4gip0.auto.internal",
            "gpu_cluster_id": "",
            "hardware_generation": [
              {
                "generation2_features": [],
                "legacy_features": [
                  {
                    "pci_topology": "PCI_TOPOLOGY_V1"
                  }
                ]
              }
            ],
            "hostname": "",
            "id": "fhmslvs6hm20dbq4gip0",
            "labels": null,
            "local_disk": [],
            "maintenance_grace_period": "",
            "maintenance_policy": null,
            "metadata": {
              "serial-port-enable": "1",
              "ssh-keys": "ubuntu:ssh-rsa AAAAB3NzaC1yc2EAAAADAQABAAABgQDgn6vGmPneXG5QJ7xIA6Yy2v/XDmsVVdvJfh5V6dInP99ELtNUvrW4v3uia9iCl9d6GRlbfHxUGDfU9Q2ysYmfr0Wc0ircQNr1UeDtxz17ve/dPbmDSRr7YZfx65yoEwMWnq3NYAuM/hu0qrh/Yob8MjG35KGkrxUoKnmi0ECj7s4nqgl2P9QBIJAt6/NZHyJ/FHYaflKj48flwPVBYb2SNlS9j6IwiUIzpPY1YaURrEo/rXdyiIngjLdpdtA4Vis9MR813Xo/Wbg05oMghx9Dmbu6dlEdCIgcwFtPQCGR8cQZeeYKFq52T16Tes48bOsbockQxc8O/Nu8nW34kbKMRlhMqMBz4xZG9ZtPu704ayA+xxumnLZkbNZ6ILAoG79Si/62X+PaUgpty3Qr9OTE0r6LDL1xsB4OH3T3Ekl2ihSLmdxgd70koCUrueyReh+K2AEQ1C7EWaplmk3Gums0tDDLqOnxSr+M6UOIbs4iwTrlStwmFKZz003ebSm3xnc= root@vm1\n"
            },
            "metadata_options": [
              {
                "aws_v1_http_endpoint": 1,
                "aws_v1_http_token": 2,
                "gce_http_endpoint": 1,
                "gce_http_token": 1
              }
            ],
            "name": "web-1",
            "network_acceleration_type": "standard",
            "network_interface": [
              {
                "dns_record": [],
                "index": 0,
                "ip_address": "10.0.1.21",
                "ipv4": true,
                "ipv6": false,
                "ipv6_address": "",
                "ipv6_dns_record": [],
                "mac_address": "d0:0d:1c:af:f8:68",
                "nat": true,
                "nat_dns_record": [],
                "nat_ip_address": "51.250.5.204",
                "nat_ip_version": "IPV4",
                "security_group_ids": [
                  "enpeegp7mc678j2ipkku",
                  "enphjg8a93npnelsnjjd"
                ],
                "subnet_id": "e9b87ieui4ohegiur03s"
              }
            ],
            "placement_policy": [
              {
                "host_affinity_rules": [],
                "placement_group_id": "",
                "placement_group_partition": 0
              }
            ],
            "platform_id": "standard-v1",
            "resources": [
              {
                "core_fraction": 5,
                "cores": 2,
                "gpus": 0,
                "memory": 1
              }
            ],
            "scheduling_policy": [
              {
                "preemptible": true
              }
            ],
            "secondary_disk": [],
            "service_account_id": "",
            "status": "running",
            "timeouts": null,
            "zone": "ru-central1-a"
          },
          "sensitive_attributes": [],
          "private": "eyJlMmJmYjczMC1lY2FhLTExZTYtOGY4OC0zNDM2M2JjN2M0YzAiOnsiY3JlYXRlIjozMDAwMDAwMDAwMDAsImRlbGV0ZSI6MzAwMDAwMDAwMDAwLCJ1cGRhdGUiOjMwMDAwMDAwMDAwMH0sInNjaGVtYV92ZXJzaW9uIjoiMSJ9",
          "dependencies": [
            "data.yandex_compute_image.ubuntu",
            "yandex_compute_instance.db",
            "yandex_vpc_network.develop",
            "yandex_vpc_security_group.ansible",
            "yandex_vpc_security_group.example",
            "yandex_vpc_subnet.develop",
            "yandex_vpc_subnet.develop_db"
          ]
        },
        {
          "index_key": 1,
          "schema_version": 1,
          "attributes": {
            "allow_recreate": null,
            "allow_stopping_for_update": null,
            "boot_disk": [
              {
                "auto_delete": true,
                "device_name": "fhm9ejrh2goghsv0uith",
                "disk_id": "fhm9ejrh2goghsv0uith",
                "initialize_params": [
                  {
                    "block_size": 4096,
                    "description": "",
                    "image_id": "fd8smepb6mdk5nk8khe3",
                    "kms_key_id": "",
                    "name": "",
                    "size": 10,
                    "snapshot_id": "",
                    "type": "network-hdd"
                  }
                ],
                "mode": "READ_WRITE"
              }
            ],
            "created_at": "2025-04-20T12:16:53Z",
            "description": "",
            "filesystem": [],
            "folder_id": "b1grekf05a830gqkk35s",
            "fqdn": "fhmdcvbeticcn6smtc4j.auto.internal",
            "gpu_cluster_id": "",
            "hardware_generation": [
              {
                "generation2_features": [],
                "legacy_features": [
                  {
                    "pci_topology": "PCI_TOPOLOGY_V1"
                  }
                ]
              }
            ],
            "hostname": "",
            "id": "fhmdcvbeticcn6smtc4j",
            "labels": null,
            "local_disk": [],
            "maintenance_grace_period": "",
            "maintenance_policy": null,
            "metadata": {
              "serial-port-enable": "1",
              "ssh-keys": "ubuntu:ssh-rsa AAAAB3NzaC1yc2EAAAADAQABAAABgQDgn6vGmPneXG5QJ7xIA6Yy2v/XDmsVVdvJfh5V6dInP99ELtNUvrW4v3uia9iCl9d6GRlbfHxUGDfU9Q2ysYmfr0Wc0ircQNr1UeDtxz17ve/dPbmDSRr7YZfx65yoEwMWnq3NYAuM/hu0qrh/Yob8MjG35KGkrxUoKnmi0ECj7s4nqgl2P9QBIJAt6/NZHyJ/FHYaflKj48flwPVBYb2SNlS9j6IwiUIzpPY1YaURrEo/rXdyiIngjLdpdtA4Vis9MR813Xo/Wbg05oMghx9Dmbu6dlEdCIgcwFtPQCGR8cQZeeYKFq52T16Tes48bOsbockQxc8O/Nu8nW34kbKMRlhMqMBz4xZG9ZtPu704ayA+xxumnLZkbNZ6ILAoG79Si/62X+PaUgpty3Qr9OTE0r6LDL1xsB4OH3T3Ekl2ihSLmdxgd70koCUrueyReh+K2AEQ1C7EWaplmk3Gums0tDDLqOnxSr+M6UOIbs4iwTrlStwmFKZz003ebSm3xnc= root@vm1\n"
            },
            "metadata_options": [
              {
                "aws_v1_http_endpoint": 1,
                "aws_v1_http_token": 2,
                "gce_http_endpoint": 1,
                "gce_http_token": 1
              }
            ],
            "name": "web-2",
            "network_acceleration_type": "standard",
            "network_interface": [
              {
                "dns_record": [],
                "index": 0,
                "ip_address": "10.0.1.13",
                "ipv4": true,
                "ipv6": false,
                "ipv6_address": "",
                "ipv6_dns_record": [],
                "mac_address": "d0:0d:d6:7d:6e:ec",
                "nat": true,
                "nat_dns_record": [],
                "nat_ip_address": "158.160.114.140",
                "nat_ip_version": "IPV4",
                "security_group_ids": [
                  "enpeegp7mc678j2ipkku",
                  "enphjg8a93npnelsnjjd"
                ],
                "subnet_id": "e9b87ieui4ohegiur03s"
              }
            ],
            "placement_policy": [
              {
                "host_affinity_rules": [],
                "placement_group_id": "",
                "placement_group_partition": 0
              }
            ],
            "platform_id": "standard-v1",
            "resources": [
              {
                "core_fraction": 5,
                "cores": 2,
                "gpus": 0,
                "memory": 1
              }
            ],
            "scheduling_policy": [
              {
                "preemptible": true
              }
            ],
            "secondary_disk": [],
            "service_account_id": "",
            "status": "running",
            "timeouts": null,
            "zone": "ru-central1-a"
          },
          "sensitive_attributes": [],
          "private": "eyJlMmJmYjczMC1lY2FhLTExZTYtOGY4OC0zNDM2M2JjN2M0YzAiOnsiY3JlYXRlIjozMDAwMDAwMDAwMDAsImRlbGV0ZSI6MzAwMDAwMDAwMDAwLCJ1cGRhdGUiOjMwMDAwMDAwMDAwMH0sInNjaGVtYV92ZXJzaW9uIjoiMSJ9",
          "dependencies": [
            "data.yandex_compute_image.ubuntu",
            "yandex_compute_instance.db",
            "yandex_vpc_network.develop",
            "yandex_vpc_security_group.ansible",
            "yandex_vpc_security_group.example",
            "yandex_vpc_subnet.develop",
            "yandex_vpc_subnet.develop_db"
          ]
        }
      ]
    },
    {
      "mode": "managed",
      "type": "yandex_vpc_network",
      "name": "develop",
      "provider": "provider[\"registry.terraform.io/yandex-cloud/yandex\"]",
      "instances": [
        {
          "schema_version": 0,
          "attributes": {
            "created_at": "2025-04-20T12:16:15Z",
            "default_security_group_id": "enp8ndt233mcvmfa1ua7",
            "description": "",
            "folder_id": "b1grekf05a830gqkk35s",
            "id": "enp5c38k0ttdqvpe05da",
            "labels": {},
            "name": "develop",
            "subnet_ids": [],
            "timeouts": null
          },
          "sensitive_attributes": [],
          "private": "eyJlMmJmYjczMC1lY2FhLTExZTYtOGY4OC0zNDM2M2JjN2M0YzAiOnsiY3JlYXRlIjo2MDAwMDAwMDAwMCwiZGVsZXRlIjo2MDAwMDAwMDAwMCwidXBkYXRlIjo2MDAwMDAwMDAwMH19"
        }
      ]
    },
    {
      "mode": "managed",
      "type": "yandex_vpc_security_group",
      "name": "ansible",
      "provider": "provider[\"registry.terraform.io/yandex-cloud/yandex\"]",
      "instances": [
        {
          "schema_version": 0,
          "attributes": {
            "created_at": "2025-04-20T12:16:21Z",
            "description": "",
            "egress": [],
            "folder_id": "b1grekf05a830gqkk35s",
            "id": "enpeegp7mc678j2ipkku",
            "ingress": [
              {
                "description": "Ansible SSH access",
                "from_port": -1,
                "id": "enp2d7jofr79p4nbcrlo",
                "labels": {},
                "port": 22,
                "predefined_target": "",
                "protocol": "TCP",
                "security_group_id": "",
                "to_port": -1,
                "v4_cidr_blocks": [
                  "0.0.0.0/0"
                ],
                "v6_cidr_blocks": []
              },
              {
                "description": "ICMP for connectivity tests",
                "from_port": -1,
                "id": "enptsvim6344f9ef1i9n",
                "labels": {},
                "port": -1,
                "predefined_target": "",
                "protocol": "ICMP",
                "security_group_id": "",
                "to_port": -1,
                "v4_cidr_blocks": [
                  "0.0.0.0/0"
                ],
                "v6_cidr_blocks": []
              }
            ],
            "labels": {},
            "name": "ansible-access",
            "network_id": "enp5c38k0ttdqvpe05da",
            "status": "ACTIVE",
            "timeouts": null
          },
          "sensitive_attributes": [],
          "private": "eyJlMmJmYjczMC1lY2FhLTExZTYtOGY4OC0zNDM2M2JjN2M0YzAiOnsiY3JlYXRlIjoxODAwMDAwMDAwMDAsImRlbGV0ZSI6MTgwMDAwMDAwMDAwLCJ1cGRhdGUiOjE4MDAwMDAwMDAwMH19",
          "dependencies": [
            "yandex_vpc_network.develop"
          ]
        }
      ]
    },
    {
      "mode": "managed",
      "type": "yandex_vpc_security_group",
      "name": "example",
      "provider": "provider[\"registry.terraform.io/yandex-cloud/yandex\"]",
      "instances": [
        {
          "schema_version": 0,
          "attributes": {
            "created_at": "2025-04-20T12:16:19Z",
            "description": "",
            "egress": [
              {
                "description": "Allow all outgoing traffic",
                "from_port": 0,
                "id": "enpoot8lc17m78o39sb5",
                "labels": {},
                "port": -1,
                "predefined_target": "",
                "protocol": "TCP",
                "security_group_id": "",
                "to_port": 65365,
                "v4_cidr_blocks": [
                  "0.0.0.0/0"
                ],
                "v6_cidr_blocks": []
              }
            ],
            "folder_id": "b1grekf05a830gqkk35s",
            "id": "enphjg8a93npnelsnjjd",
            "ingress": [
              {
                "description": "Allow incoming HTTP",
                "from_port": -1,
                "id": "enprh8u146v6i9fk8hdd",
                "labels": {},
                "port": 80,
                "predefined_target": "",
                "protocol": "TCP",
                "security_group_id": "",
                "to_port": -1,
                "v4_cidr_blocks": [
                  "0.0.0.0/0"
                ],
                "v6_cidr_blocks": []
              },
              {
                "description": "Allow incoming HTTPS",
                "from_port": -1,
                "id": "enpotrpt7e931fc6ba2a",
                "labels": {},
                "port": 443,
                "predefined_target": "",
                "protocol": "TCP",
                "security_group_id": "",
                "to_port": -1,
                "v4_cidr_blocks": [
                  "0.0.0.0/0"
                ],
                "v6_cidr_blocks": []
              },
              {
                "description": "Allow incoming SSH",
                "from_port": -1,
                "id": "enp7t6ckm2o9do5foocn",
                "labels": {},
                "port": 22,
                "predefined_target": "",
                "protocol": "TCP",
                "security_group_id": "",
                "to_port": -1,
                "v4_cidr_blocks": [
                  "0.0.0.0/0"
                ],
                "v6_cidr_blocks": []
              },
              {
                "description": "Allow ping for connectivity tests",
                "from_port": -1,
                "id": "enpeg92qf16pt1rjimio",
                "labels": {},
                "port": -1,
                "predefined_target": "",
                "protocol": "ICMP",
                "security_group_id": "",
                "to_port": -1,
                "v4_cidr_blocks": [
                  "0.0.0.0/0"
                ],
                "v6_cidr_blocks": []
              }
            ],
            "labels": {},
            "name": "example_dynamic",
            "network_id": "enp5c38k0ttdqvpe05da",
            "status": "ACTIVE",
            "timeouts": null
          },
          "sensitive_attributes": [
            [
              {
                "type": "get_attr",
                "value": "folder_id"
              }
            ]
          ],
          "private": "eyJlMmJmYjczMC1lY2FhLTExZTYtOGY4OC0zNDM2M2JjN2M0YzAiOnsiY3JlYXRlIjoxODAwMDAwMDAwMDAsImRlbGV0ZSI6MTgwMDAwMDAwMDAwLCJ1cGRhdGUiOjE4MDAwMDAwMDAwMH19",
          "dependencies": [
            "yandex_vpc_network.develop"
          ]
        }
      ]
    },
    {
      "mode": "managed",
      "type": "yandex_vpc_subnet",
      "name": "develop",
      "provider": "provider[\"registry.terraform.io/yandex-cloud/yandex\"]",
      "instances": [
        {
          "schema_version": 0,
          "attributes": {
            "created_at": "2025-04-20T12:16:17Z",
            "description": "",
            "dhcp_options": [],
            "folder_id": "b1grekf05a830gqkk35s",
            "id": "e9b87ieui4ohegiur03s",
            "labels": {},
            "name": "develop-web",
            "network_id": "enp5c38k0ttdqvpe05da",
            "route_table_id": "",
            "timeouts": null,
            "v4_cidr_blocks": [
              "10.0.1.0/24"
            ],
            "v6_cidr_blocks": [],
            "zone": "ru-central1-a"
          },
          "sensitive_attributes": [],
          "private": "eyJlMmJmYjczMC1lY2FhLTExZTYtOGY4OC0zNDM2M2JjN2M0YzAiOnsiY3JlYXRlIjoxODAwMDAwMDAwMDAsImRlbGV0ZSI6MTgwMDAwMDAwMDAwLCJ1cGRhdGUiOjE4MDAwMDAwMDAwMH19",
          "dependencies": [
            "yandex_vpc_network.develop"
          ]
        }
      ]
    },
    {
      "mode": "managed",
      "type": "yandex_vpc_subnet",
      "name": "develop_db",
      "provider": "provider[\"registry.terraform.io/yandex-cloud/yandex\"]",
      "instances": [
        {
          "schema_version": 0,
          "attributes": {
            "created_at": "2025-04-20T12:16:18Z",
            "description": "",
            "dhcp_options": [],
            "folder_id": "b1grekf05a830gqkk35s",
            "id": "e2lg49dsqc6lhkm41f1t",
            "labels": {},
            "name": "develop-db",
            "network_id": "enp5c38k0ttdqvpe05da",
            "route_table_id": "",
            "timeouts": null,
            "v4_cidr_blocks": [
              "10.0.2.0/24"
            ],
            "v6_cidr_blocks": [],
            "zone": "ru-central1-b"
          },
          "sensitive_attributes": [],
          "private": "eyJlMmJmYjczMC1lY2FhLTExZTYtOGY4OC0zNDM2M2JjN2M0YzAiOnsiY3JlYXRlIjoxODAwMDAwMDAwMDAsImRlbGV0ZSI6MTgwMDAwMDAwMDAwLCJ1cGRhdGUiOjE4MDAwMDAwMDAwMH19",
          "dependencies": [
            "yandex_vpc_network.develop"
          ]
        }
      ]
    }
  ],
  "check_results": null
}
